
Microsoft Visual Studio Solution File, Format Version 12.00
# Visual Studio Version 16
VisualStudioVersion = 16.0.30011.22
MinimumVisualStudioVersion = 10.0.40219.1
Project("{FAE04EC0-301F-11D3-BF4B-00C04F79EFBC}") = "Veaudry_Integration", "Polo_Integration\Veaudry_Integration.csproj", "{2528E8EE-AFE6-40A7-A819-7092A72563AD}"
EndProject
Global
	GlobalSection(SolutionConfigurationPlatforms) = preSolution
		Debug|Any CPU = Debug|Any CPU
		Release|Any CPU = Release|Any CPU
	EndGlobalSection
	GlobalSection(ProjectConfigurationPlatforms) = postSolution
		{2528E8EE-AFE6-40A7-A819-7092A72563AD}.Debug|Any CPU.ActiveCfg = Debug|Any CPU
		{2528E8EE-AFE6-40A7-A819-7092A72563AD}.Debug|Any CPU.Build.0 = Debug|Any CPU
		{2528E8EE-AFE6-40A7-A819-7092A72563AD}.Release|Any CPU.ActiveCfg = Release|Any CPU
		{2528E8EE-AFE6-40A7-A819-7092A72563AD}.Release|Any CPU.Build.0 = Release|Any CPU
	EndGlobalSection
	GlobalSection(SolutionProperties) = preSolution
		HideSolutionNode = FALSE
	EndGlobalSection
	GlobalSection(ExtensibilityGlobals) = postSolution
		SolutionGuid = {5C02075D-0683-48DB-A5A0-D2B6BBE2B5FF}
	EndGlobalSection
EndGlobal
